
Microsoft Visual Studio Solution File, Format Version 12.00
# Visual Studio Version 17
VisualStudioVersion = 17.7.34031.279
MinimumVisualStudioVersion = 10.0.40219.1
Project("{8BC9CEB8-8B4A-11D0-8D11-00A0C91BC942}") = "Lab 4.1", "Lab 4.1.vcxproj", "{C2316408-8FB4-47C9-897E-7662B5310919}"
EndProject
Global
	GlobalSection(SolutionConfigurationPlatforms) = preSolution
		Debug|x64 = Debug|x64
		Debug|x86 = Debug|x86
		Release|x64 = Release|x64
		Release|x86 = Release|x86
	EndGlobalSection
	GlobalSection(ProjectConfigurationPlatforms) = postSolution
		{C2316408-8FB4-47C9-897E-7662B5310919}.Debug|x64.ActiveCfg = Debug|x64
		{C2316408-8FB4-47C9-897E-7662B5310919}.Debug|x64.Build.0 = Debug|x64
		{C2316408-8FB4-47C9-897E-7662B5310919}.Debug|x86.ActiveCfg = Debug|Win32
		{C2316408-8FB4-47C9-897E-7662B5310919}.Debug|x86.Build.0 = Debug|Win32
		{C2316408-8FB4-47C9-897E-7662B5310919}.Release|x64.ActiveCfg = Release|x64
		{C2316408-8FB4-47C9-897E-7662B5310919}.Release|x64.Build.0 = Release|x64
		{C2316408-8FB4-47C9-897E-7662B5310919}.Release|x86.ActiveCfg = Release|Win32
		{C2316408-8FB4-47C9-897E-7662B5310919}.Release|x86.Build.0 = Release|Win32
	EndGlobalSection
	GlobalSection(SolutionProperties) = preSolution
		HideSolutionNode = FALSE
	EndGlobalSection
	GlobalSection(ExtensibilityGlobals) = postSolution
		SolutionGuid = {D07FC07E-2854-4E98-ABF2-65BB2A8D2559}
	EndGlobalSection
EndGlobal
